
Microsoft Visual Studio Solution File, Format Version 11.00
# Visual C# Express 2010
Project("{FAE04EC0-301F-11D3-BF4B-00C04F79EFBC}") = "WindowsForm_Aula1", "WindowsForm_Aula1\WindowsForm_Aula1.csproj", "{828246FB-7080-4206-A80E-D7AB348EF04D}"
EndProject
Global
	GlobalSection(SolutionConfigurationPlatforms) = preSolution
		Debug|x86 = Debug|x86
		Release|x86 = Release|x86
	EndGlobalSection
	GlobalSection(ProjectConfigurationPlatforms) = postSolution
		{828246FB-7080-4206-A80E-D7AB348EF04D}.Debug|x86.ActiveCfg = Debug|x86
		{828246FB-7080-4206-A80E-D7AB348EF04D}.Debug|x86.Build.0 = Debug|x86
		{828246FB-7080-4206-A80E-D7AB348EF04D}.Release|x86.ActiveCfg = Release|x86
		{828246FB-7080-4206-A80E-D7AB348EF04D}.Release|x86.Build.0 = Release|x86
	EndGlobalSection
	GlobalSection(SolutionProperties) = preSolution
		HideSolutionNode = FALSE
	EndGlobalSection
EndGlobal
