
Microsoft Visual Studio Solution File, Format Version 11.00
# Visual C# Express 2010
Project("{FAE04EC0-301F-11D3-BF4B-00C04F79EFBC}") = "ExercicioLocadora", "ExercicioLocadora\ExercicioLocadora.csproj", "{5DCD8478-37B6-4AAC-B579-6F44E7DF6394}"
EndProject
Global
	GlobalSection(SolutionConfigurationPlatforms) = preSolution
		Debug|x86 = Debug|x86
		Release|x86 = Release|x86
	EndGlobalSection
	GlobalSection(ProjectConfigurationPlatforms) = postSolution
		{5DCD8478-37B6-4AAC-B579-6F44E7DF6394}.Debug|x86.ActiveCfg = Debug|x86
		{5DCD8478-37B6-4AAC-B579-6F44E7DF6394}.Debug|x86.Build.0 = Debug|x86
		{5DCD8478-37B6-4AAC-B579-6F44E7DF6394}.Release|x86.ActiveCfg = Release|x86
		{5DCD8478-37B6-4AAC-B579-6F44E7DF6394}.Release|x86.Build.0 = Release|x86
	EndGlobalSection
	GlobalSection(SolutionProperties) = preSolution
		HideSolutionNode = FALSE
	EndGlobalSection
EndGlobal
